
Microsoft Visual Studio Solution File, Format Version 12.00
# Visual Studio Version 17
VisualStudioVersion = 17.13.35828.75 d17.13
MinimumVisualStudioVersion = 10.0.40219.1
Project("{FAE04EC0-301F-11D3-BF4B-00C04F79EFBC}") = "ImageRotate.Core", "ImageRotate.Core\ImageRotate.Core.csproj", "{244372ED-F621-49BD-9EB4-7E74FC6D29B5}"
EndProject
Global
	GlobalSection(SolutionConfigurationPlatforms) = preSolution
		Debug|Any CPU = Debug|Any CPU
		Release|Any CPU = Release|Any CPU
	EndGlobalSection
	GlobalSection(ProjectConfigurationPlatforms) = postSolution
		{244372ED-F621-49BD-9EB4-7E74FC6D29B5}.Debug|Any CPU.ActiveCfg = Debug|Any CPU
		{244372ED-F621-49BD-9EB4-7E74FC6D29B5}.Debug|Any CPU.Build.0 = Debug|Any CPU
		{244372ED-F621-49BD-9EB4-7E74FC6D29B5}.Release|Any CPU.ActiveCfg = Release|Any CPU
		{244372ED-F621-49BD-9EB4-7E74FC6D29B5}.Release|Any CPU.Build.0 = Release|Any CPU
	EndGlobalSection
	GlobalSection(SolutionProperties) = preSolution
		HideSolutionNode = FALSE
	EndGlobalSection
	GlobalSection(ExtensibilityGlobals) = postSolution
		SolutionGuid = {ADF34948-6F56-482E-A603-69AF9F7BCF2B}
	EndGlobalSection
EndGlobal
